// !$*UTF8*$!
{
	archiveVersion = 1;
	classes = {
	};
	objectVersion = 46;
	objects = {

/* Begin PBXBuildFile section */
		3656BAED177BC1120058A3D8 /* Parse.framework in Frameworks */ = {isa = PBXBuildFile; fileRef = 3656BAEC177BC1120058A3D8 /* Parse.framework */; };
		3656BAEF177BC1370058A3D8 /* AdSupport.framework in Frameworks */ = {isa = PBXBuildFile; fileRef = 3656BAEE177BC1370058A3D8 /* AdSupport.framework */; };
		3656BAF1177BC13F0058A3D8 /* Social.framework in Frameworks */ = {isa = PBXBuildFile; fileRef = 3656BAF0177BC13F0058A3D8 /* Social.framework */; };
		3656BAF3177BC1460058A3D8 /* Accounts.framework in Frameworks */ = {isa = PBXBuildFile; fileRef = 3656BAF2177BC1460058A3D8 /* Accounts.framework */; };
		3656BAF5177BC14C0058A3D8 /* AudioToolbox.framework in Frameworks */ = {isa = PBXBuildFile; fileRef = 3656BAF4177BC14C0058A3D8 /* AudioToolbox.framework */; };
		3656BAF7177BC1520058A3D8 /* CFNetwork.framework in Frameworks */ = {isa = PBXBuildFile; fileRef = 3656BAF6177BC1520058A3D8 /* CFNetwork.framework */; };
		3656BAF9177BC15A0058A3D8 /* CoreLocation.framework in Frameworks */ = {isa = PBXBuildFile; fileRef = 3656BAF8177BC15A0058A3D8 /* CoreLocation.framework */; };
		3656BAFB177BC16B0058A3D8 /* libsqlite3.dylib in Frameworks */ = {isa = PBXBuildFile; fileRef = 3656BAFA177BC16B0058A3D8 /* libsqlite3.dylib */; };
		3656BAFD177BC1710058A3D8 /* libz.1.1.3.dylib in Frameworks */ = {isa = PBXBuildFile; fileRef = 3656BAFC177BC1710058A3D8 /* libz.1.1.3.dylib */; };
		3656BAFF177BC17B0058A3D8 /* MobileCoreServices.framework in Frameworks */ = {isa = PBXBuildFile; fileRef = 3656BAFE177BC17B0058A3D8 /* MobileCoreServices.framework */; };
		3656BB01177BC1840058A3D8 /* QuartzCore.framework in Frameworks */ = {isa = PBXBuildFile; fileRef = 3656BB00177BC1840058A3D8 /* QuartzCore.framework */; };
		3656BB03177BC18A0058A3D8 /* Security.framework in Frameworks */ = {isa = PBXBuildFile; fileRef = 3656BB02177BC18A0058A3D8 /* Security.framework */; };
		3656BB05177BC1A50058A3D8 /* StoreKit.framework in Frameworks */ = {isa = PBXBuildFile; fileRef = 3656BB04177BC1A50058A3D8 /* StoreKit.framework */; };
		3656BB07177BC1B10058A3D8 /* SystemConfiguration.framework in Frameworks */ = {isa = PBXBuildFile; fileRef = 3656BB06177BC1B10058A3D8 /* SystemConfiguration.framework */; };
		369D06F1177E60B600E9A6A6 /* GTMOAuth2ViewControllerTouch.m in Sources */ = {isa = PBXBuildFile; fileRef = 369D06E9177E60B600E9A6A6 /* GTMOAuth2ViewControllerTouch.m */; };
		369D06F2177E60B600E9A6A6 /* GTMOAuth2Authentication.m in Sources */ = {isa = PBXBuildFile; fileRef = 369D06EB177E60B600E9A6A6 /* GTMOAuth2Authentication.m */; };
		369D06F3177E60B600E9A6A6 /* GTMOAuth2SignIn.m in Sources */ = {isa = PBXBuildFile; fileRef = 369D06ED177E60B600E9A6A6 /* GTMOAuth2SignIn.m */; };
		369D06F4177E60B600E9A6A6 /* GTMHTTPFetcher.m in Sources */ = {isa = PBXBuildFile; fileRef = 369D06EF177E60B600E9A6A6 /* GTMHTTPFetcher.m */; };
		369D06F5177E60B600E9A6A6 /* GTMOAuth2ViewTouch.xib in Resources */ = {isa = PBXBuildFile; fileRef = 369D06F0177E60B600E9A6A6 /* GTMOAuth2ViewTouch.xib */; };
		36A1501217791BAB002CDFC5 /* UIKit.framework in Frameworks */ = {isa = PBXBuildFile; fileRef = 36A1501117791BAB002CDFC5 /* UIKit.framework */; };
		36A1501417791BAB002CDFC5 /* Foundation.framework in Frameworks */ = {isa = PBXBuildFile; fileRef = 36A1501317791BAB002CDFC5 /* Foundation.framework */; };
		36A1501617791BAB002CDFC5 /* CoreGraphics.framework in Frameworks */ = {isa = PBXBuildFile; fileRef = 36A1501517791BAB002CDFC5 /* CoreGraphics.framework */; };
		36A1501817791BAB002CDFC5 /* CoreData.framework in Frameworks */ = {isa = PBXBuildFile; fileRef = 36A1501717791BAB002CDFC5 /* CoreData.framework */; };
		36A1501E17791BAB002CDFC5 /* InfoPlist.strings in Resources */ = {isa = PBXBuildFile; fileRef = 36A1501C17791BAB002CDFC5 /* InfoPlist.strings */; };
		36A1502017791BAB002CDFC5 /* main.m in Sources */ = {isa = PBXBuildFile; fileRef = 36A1501F17791BAB002CDFC5 /* main.m */; };
		36A1502417791BAB002CDFC5 /* EPFAppDelegate.m in Sources */ = {isa = PBXBuildFile; fileRef = 36A1502317791BAB002CDFC5 /* EPFAppDelegate.m */; };
		36A1502617791BAB002CDFC5 /* Default.png in Resources */ = {isa = PBXBuildFile; fileRef = 36A1502517791BAB002CDFC5 /* Default.png */; };
		36A1502817791BAB002CDFC5 /* Default@2x.png in Resources */ = {isa = PBXBuildFile; fileRef = 36A1502717791BAB002CDFC5 /* Default@2x.png */; };
		36A1502A17791BAB002CDFC5 /* Default-568h@2x.png in Resources */ = {isa = PBXBuildFile; fileRef = 36A1502917791BAB002CDFC5 /* Default-568h@2x.png */; };
		36A1502D17791BAB002CDFC5 /* MainStoryboard_iPhone.storyboard in Resources */ = {isa = PBXBuildFile; fileRef = 36A1502B17791BAB002CDFC5 /* MainStoryboard_iPhone.storyboard */; };
		36A1503017791BAB002CDFC5 /* MainStoryboard_iPad.storyboard in Resources */ = {isa = PBXBuildFile; fileRef = 36A1502E17791BAB002CDFC5 /* MainStoryboard_iPad.storyboard */; };
		36A1503317791BAB002CDFC5 /* EPF.xcdatamodeld in Sources */ = {isa = PBXBuildFile; fileRef = 36A1503117791BAB002CDFC5 /* EPF.xcdatamodeld */; };
		36A1503617791BAB002CDFC5 /* EPFMasterViewController.m in Sources */ = {isa = PBXBuildFile; fileRef = 36A1503517791BAB002CDFC5 /* EPFMasterViewController.m */; };
		36A1503917791BAB002CDFC5 /* EPFDetailViewController.m in Sources */ = {isa = PBXBuildFile; fileRef = 36A1503817791BAB002CDFC5 /* EPFDetailViewController.m */; };
		36A1504117791BAB002CDFC5 /* SenTestingKit.framework in Frameworks */ = {isa = PBXBuildFile; fileRef = 36A1504017791BAB002CDFC5 /* SenTestingKit.framework */; };
		36A1504217791BAB002CDFC5 /* UIKit.framework in Frameworks */ = {isa = PBXBuildFile; fileRef = 36A1501117791BAB002CDFC5 /* UIKit.framework */; };
		36A1504317791BAB002CDFC5 /* Foundation.framework in Frameworks */ = {isa = PBXBuildFile; fileRef = 36A1501317791BAB002CDFC5 /* Foundation.framework */; };
		36A1504417791BAB002CDFC5 /* CoreData.framework in Frameworks */ = {isa = PBXBuildFile; fileRef = 36A1501717791BAB002CDFC5 /* CoreData.framework */; };
		36A1504C17791BAB002CDFC5 /* InfoPlist.strings in Resources */ = {isa = PBXBuildFile; fileRef = 36A1504A17791BAB002CDFC5 /* InfoPlist.strings */; };
		36A1504F17791BAB002CDFC5 /* EPFTests.m in Sources */ = {isa = PBXBuildFile; fileRef = 36A1504E17791BAB002CDFC5 /* EPFTests.m */; };
		36F2F0B3177BD46A005389E1 /* libTestFlight.a in Frameworks */ = {isa = PBXBuildFile; fileRef = 36F2F0AF177BD46A005389E1 /* libTestFlight.a */; };
		36F2F0B4177BD46A005389E1 /* README.md in Resources */ = {isa = PBXBuildFile; fileRef = 36F2F0B0177BD46A005389E1 /* README.md */; };
		36F2F0B5177BD46A005389E1 /* release_notes.md in Resources */ = {isa = PBXBuildFile; fileRef = 36F2F0B1177BD46A005389E1 /* release_notes.md */; };
/* End PBXBuildFile section */

/* Begin PBXContainerItemProxy section */
		36A1504517791BAB002CDFC5 /* PBXContainerItemProxy */ = {
			isa = PBXContainerItemProxy;
			containerPortal = 36A1500617791BAB002CDFC5 /* Project object */;
			proxyType = 1;
			remoteGlobalIDString = 36A1500D17791BAB002CDFC5;
			remoteInfo = EPF;
		};
/* End PBXContainerItemProxy section */

/* Begin PBXFileReference section */
		3656BAEC177BC1120058A3D8 /* Parse.framework */ = {isa = PBXFileReference; lastKnownFileType = wrapper.framework; path = Parse.framework; sourceTree = "<group>"; };
		3656BAEE177BC1370058A3D8 /* AdSupport.framework */ = {isa = PBXFileReference; lastKnownFileType = wrapper.framework; name = AdSupport.framework; path = System/Library/Frameworks/AdSupport.framework; sourceTree = SDKROOT; };
		3656BAF0177BC13F0058A3D8 /* Social.framework */ = {isa = PBXFileReference; lastKnownFileType = wrapper.framework; name = Social.framework; path = System/Library/Frameworks/Social.framework; sourceTree = SDKROOT; };
		3656BAF2177BC1460058A3D8 /* Accounts.framework */ = {isa = PBXFileReference; lastKnownFileType = wrapper.framework; name = Accounts.framework; path = System/Library/Frameworks/Accounts.framework; sourceTree = SDKROOT; };
		3656BAF4177BC14C0058A3D8 /* AudioToolbox.framework */ = {isa = PBXFileReference; lastKnownFileType = wrapper.framework; name = AudioToolbox.framework; path = System/Library/Frameworks/AudioToolbox.framework; sourceTree = SDKROOT; };
		3656BAF6177BC1520058A3D8 /* CFNetwork.framework */ = {isa = PBXFileReference; lastKnownFileType = wrapper.framework; name = CFNetwork.framework; path = System/Library/Frameworks/CFNetwork.framework; sourceTree = SDKROOT; };
		3656BAF8177BC15A0058A3D8 /* CoreLocation.framework */ = {isa = PBXFileReference; lastKnownFileType = wrapper.framework; name = CoreLocation.framework; path = System/Library/Frameworks/CoreLocation.framework; sourceTree = SDKROOT; };
		3656BAFA177BC16B0058A3D8 /* libsqlite3.dylib */ = {isa = PBXFileReference; lastKnownFileType = "compiled.mach-o.dylib"; name = libsqlite3.dylib; path = usr/lib/libsqlite3.dylib; sourceTree = SDKROOT; };
		3656BAFC177BC1710058A3D8 /* libz.1.1.3.dylib */ = {isa = PBXFileReference; lastKnownFileType = "compiled.mach-o.dylib"; name = libz.1.1.3.dylib; path = usr/lib/libz.1.1.3.dylib; sourceTree = SDKROOT; };
		3656BAFE177BC17B0058A3D8 /* MobileCoreServices.framework */ = {isa = PBXFileReference; lastKnownFileType = wrapper.framework; name = MobileCoreServices.framework; path = System/Library/Frameworks/MobileCoreServices.framework; sourceTree = SDKROOT; };
		3656BB00177BC1840058A3D8 /* QuartzCore.framework */ = {isa = PBXFileReference; lastKnownFileType = wrapper.framework; name = QuartzCore.framework; path = System/Library/Frameworks/QuartzCore.framework; sourceTree = SDKROOT; };
		3656BB02177BC18A0058A3D8 /* Security.framework */ = {isa = PBXFileReference; lastKnownFileType = wrapper.framework; name = Security.framework; path = System/Library/Frameworks/Security.framework; sourceTree = SDKROOT; };
		3656BB04177BC1A50058A3D8 /* StoreKit.framework */ = {isa = PBXFileReference; lastKnownFileType = wrapper.framework; name = StoreKit.framework; path = System/Library/Frameworks/StoreKit.framework; sourceTree = SDKROOT; };
		3656BB06177BC1B10058A3D8 /* SystemConfiguration.framework */ = {isa = PBXFileReference; lastKnownFileType = wrapper.framework; name = SystemConfiguration.framework; path = System/Library/Frameworks/SystemConfiguration.framework; sourceTree = SDKROOT; };
		369D06E8177E60B600E9A6A6 /* GTMOAuth2ViewControllerTouch.h */ = {isa = PBXFileReference; fileEncoding = 4; lastKnownFileType = sourcecode.c.h; path = GTMOAuth2ViewControllerTouch.h; sourceTree = "<group>"; };
		369D06E9177E60B600E9A6A6 /* GTMOAuth2ViewControllerTouch.m */ = {isa = PBXFileReference; fileEncoding = 4; lastKnownFileType = sourcecode.c.objc; path = GTMOAuth2ViewControllerTouch.m; sourceTree = "<group>"; };
		369D06EA177E60B600E9A6A6 /* GTMOAuth2Authentication.h */ = {isa = PBXFileReference; fileEncoding = 4; lastKnownFileType = sourcecode.c.h; path = GTMOAuth2Authentication.h; sourceTree = "<group>"; };
		369D06EB177E60B600E9A6A6 /* GTMOAuth2Authentication.m */ = {isa = PBXFileReference; fileEncoding = 4; lastKnownFileType = sourcecode.c.objc; path = GTMOAuth2Authentication.m; sourceTree = "<group>"; };
		369D06EC177E60B600E9A6A6 /* GTMOAuth2SignIn.h */ = {isa = PBXFileReference; fileEncoding = 4; lastKnownFileType = sourcecode.c.h; path = GTMOAuth2SignIn.h; sourceTree = "<group>"; };
		369D06ED177E60B600E9A6A6 /* GTMOAuth2SignIn.m */ = {isa = PBXFileReference; fileEncoding = 4; lastKnownFileType = sourcecode.c.objc; path = GTMOAuth2SignIn.m; sourceTree = "<group>"; };
		369D06EE177E60B600E9A6A6 /* GTMHTTPFetcher.h */ = {isa = PBXFileReference; fileEncoding = 4; lastKnownFileType = sourcecode.c.h; path = GTMHTTPFetcher.h; sourceTree = "<group>"; };
		369D06EF177E60B600E9A6A6 /* GTMHTTPFetcher.m */ = {isa = PBXFileReference; fileEncoding = 4; lastKnownFileType = sourcecode.c.objc; path = GTMHTTPFetcher.m; sourceTree = "<group>"; };
		369D06F0177E60B600E9A6A6 /* GTMOAuth2ViewTouch.xib */ = {isa = PBXFileReference; fileEncoding = 4; lastKnownFileType = file.xib; path = GTMOAuth2ViewTouch.xib; sourceTree = "<group>"; };
		36A1500E17791BAB002CDFC5 /* EPF.app */ = {isa = PBXFileReference; explicitFileType = wrapper.application; includeInIndex = 0; path = EPF.app; sourceTree = BUILT_PRODUCTS_DIR; };
		36A1501117791BAB002CDFC5 /* UIKit.framework */ = {isa = PBXFileReference; lastKnownFileType = wrapper.framework; name = UIKit.framework; path = System/Library/Frameworks/UIKit.framework; sourceTree = SDKROOT; };
		36A1501317791BAB002CDFC5 /* Foundation.framework */ = {isa = PBXFileReference; lastKnownFileType = wrapper.framework; name = Foundation.framework; path = System/Library/Frameworks/Foundation.framework; sourceTree = SDKROOT; };
		36A1501517791BAB002CDFC5 /* CoreGraphics.framework */ = {isa = PBXFileReference; lastKnownFileType = wrapper.framework; name = CoreGraphics.framework; path = System/Library/Frameworks/CoreGraphics.framework; sourceTree = SDKROOT; };
		36A1501717791BAB002CDFC5 /* CoreData.framework */ = {isa = PBXFileReference; lastKnownFileType = wrapper.framework; name = CoreData.framework; path = System/Library/Frameworks/CoreData.framework; sourceTree = SDKROOT; };
		36A1501B17791BAB002CDFC5 /* EPF-Info.plist */ = {isa = PBXFileReference; lastKnownFileType = text.plist.xml; path = "EPF-Info.plist"; sourceTree = "<group>"; };
		36A1501D17791BAB002CDFC5 /* en */ = {isa = PBXFileReference; lastKnownFileType = text.plist.strings; name = en; path = en.lproj/InfoPlist.strings; sourceTree = "<group>"; };
		36A1501F17791BAB002CDFC5 /* main.m */ = {isa = PBXFileReference; lastKnownFileType = sourcecode.c.objc; path = main.m; sourceTree = "<group>"; };
		36A1502117791BAB002CDFC5 /* EPF-Prefix.pch */ = {isa = PBXFileReference; lastKnownFileType = sourcecode.c.h; path = "EPF-Prefix.pch"; sourceTree = "<group>"; };
		36A1502217791BAB002CDFC5 /* EPFAppDelegate.h */ = {isa = PBXFileReference; lastKnownFileType = sourcecode.c.h; path = EPFAppDelegate.h; sourceTree = "<group>"; };
		36A1502317791BAB002CDFC5 /* EPFAppDelegate.m */ = {isa = PBXFileReference; lastKnownFileType = sourcecode.c.objc; path = EPFAppDelegate.m; sourceTree = "<group>"; };
		36A1502517791BAB002CDFC5 /* Default.png */ = {isa = PBXFileReference; lastKnownFileType = image.png; path = Default.png; sourceTree = "<group>"; };
		36A1502717791BAB002CDFC5 /* Default@2x.png */ = {isa = PBXFileReference; lastKnownFileType = image.png; path = "Default@2x.png"; sourceTree = "<group>"; };
		36A1502917791BAB002CDFC5 /* Default-568h@2x.png */ = {isa = PBXFileReference; lastKnownFileType = image.png; path = "Default-568h@2x.png"; sourceTree = "<group>"; };
		36A1502C17791BAB002CDFC5 /* en */ = {isa = PBXFileReference; lastKnownFileType = file.storyboard; name = en; path = en.lproj/MainStoryboard_iPhone.storyboard; sourceTree = "<group>"; };
		36A1502F17791BAB002CDFC5 /* en */ = {isa = PBXFileReference; lastKnownFileType = file.storyboard; name = en; path = en.lproj/MainStoryboard_iPad.storyboard; sourceTree = "<group>"; };
		36A1503217791BAB002CDFC5 /* EPF.xcdatamodel */ = {isa = PBXFileReference; lastKnownFileType = wrapper.xcdatamodel; path = EPF.xcdatamodel; sourceTree = "<group>"; };
		36A1503417791BAB002CDFC5 /* EPFMasterViewController.h */ = {isa = PBXFileReference; lastKnownFileType = sourcecode.c.h; path = EPFMasterViewController.h; sourceTree = "<group>"; };
		36A1503517791BAB002CDFC5 /* EPFMasterViewController.m */ = {isa = PBXFileReference; lastKnownFileType = sourcecode.c.objc; path = EPFMasterViewController.m; sourceTree = "<group>"; };
		36A1503717791BAB002CDFC5 /* EPFDetailViewController.h */ = {isa = PBXFileReference; lastKnownFileType = sourcecode.c.h; path = EPFDetailViewController.h; sourceTree = "<group>"; };
		36A1503817791BAB002CDFC5 /* EPFDetailViewController.m */ = {isa = PBXFileReference; lastKnownFileType = sourcecode.c.objc; path = EPFDetailViewController.m; sourceTree = "<group>"; };
		36A1503F17791BAB002CDFC5 /* EPFTests.octest */ = {isa = PBXFileReference; explicitFileType = wrapper.cfbundle; includeInIndex = 0; path = EPFTests.octest; sourceTree = BUILT_PRODUCTS_DIR; };
		36A1504017791BAB002CDFC5 /* SenTestingKit.framework */ = {isa = PBXFileReference; lastKnownFileType = wrapper.framework; name = SenTestingKit.framework; path = Library/Frameworks/SenTestingKit.framework; sourceTree = DEVELOPER_DIR; };
		36A1504917791BAB002CDFC5 /* EPFTests-Info.plist */ = {isa = PBXFileReference; lastKnownFileType = text.plist.xml; path = "EPFTests-Info.plist"; sourceTree = "<group>"; };
		36A1504B17791BAB002CDFC5 /* en */ = {isa = PBXFileReference; lastKnownFileType = text.plist.strings; name = en; path = en.lproj/InfoPlist.strings; sourceTree = "<group>"; };
		36A1504D17791BAB002CDFC5 /* EPFTests.h */ = {isa = PBXFileReference; lastKnownFileType = sourcecode.c.h; path = EPFTests.h; sourceTree = "<group>"; };
		36A1504E17791BAB002CDFC5 /* EPFTests.m */ = {isa = PBXFileReference; lastKnownFileType = sourcecode.c.objc; path = EPFTests.m; sourceTree = "<group>"; };
		36F2F0AF177BD46A005389E1 /* libTestFlight.a */ = {isa = PBXFileReference; lastKnownFileType = archive.ar; path = libTestFlight.a; sourceTree = "<group>"; };
		36F2F0B0177BD46A005389E1 /* README.md */ = {isa = PBXFileReference; fileEncoding = 4; lastKnownFileType = text; path = README.md; sourceTree = "<group>"; };
		36F2F0B1177BD46A005389E1 /* release_notes.md */ = {isa = PBXFileReference; fileEncoding = 4; lastKnownFileType = text; path = release_notes.md; sourceTree = "<group>"; };
		36F2F0B2177BD46A005389E1 /* TestFlight.h */ = {isa = PBXFileReference; fileEncoding = 4; lastKnownFileType = sourcecode.c.h; path = TestFlight.h; sourceTree = "<group>"; };
/* End PBXFileReference section */

/* Begin PBXFrameworksBuildPhase section */
		36A1500B17791BAB002CDFC5 /* Frameworks */ = {
			isa = PBXFrameworksBuildPhase;
			buildActionMask = 2147483647;
			files = (
				36F2F0B3177BD46A005389E1 /* libTestFlight.a in Frameworks */,
				3656BB07177BC1B10058A3D8 /* SystemConfiguration.framework in Frameworks */,
				3656BB05177BC1A50058A3D8 /* StoreKit.framework in Frameworks */,
				3656BB03177BC18A0058A3D8 /* Security.framework in Frameworks */,
				3656BB01177BC1840058A3D8 /* QuartzCore.framework in Frameworks */,
				3656BAFF177BC17B0058A3D8 /* MobileCoreServices.framework in Frameworks */,
				3656BAFD177BC1710058A3D8 /* libz.1.1.3.dylib in Frameworks */,
				3656BAFB177BC16B0058A3D8 /* libsqlite3.dylib in Frameworks */,
				3656BAF9177BC15A0058A3D8 /* CoreLocation.framework in Frameworks */,
				3656BAF7177BC1520058A3D8 /* CFNetwork.framework in Frameworks */,
				3656BAF5177BC14C0058A3D8 /* AudioToolbox.framework in Frameworks */,
				3656BAF3177BC1460058A3D8 /* Accounts.framework in Frameworks */,
				3656BAF1177BC13F0058A3D8 /* Social.framework in Frameworks */,
				3656BAEF177BC1370058A3D8 /* AdSupport.framework in Frameworks */,
				36A1501217791BAB002CDFC5 /* UIKit.framework in Frameworks */,
				36A1501417791BAB002CDFC5 /* Foundation.framework in Frameworks */,
				36A1501617791BAB002CDFC5 /* CoreGraphics.framework in Frameworks */,
				36A1501817791BAB002CDFC5 /* CoreData.framework in Frameworks */,
				3656BAED177BC1120058A3D8 /* Parse.framework in Frameworks */,
			);
			runOnlyForDeploymentPostprocessing = 0;
		};
		36A1503B17791BAB002CDFC5 /* Frameworks */ = {
			isa = PBXFrameworksBuildPhase;
			buildActionMask = 2147483647;
			files = (
				36A1504117791BAB002CDFC5 /* SenTestingKit.framework in Frameworks */,
				36A1504217791BAB002CDFC5 /* UIKit.framework in Frameworks */,
				36A1504317791BAB002CDFC5 /* Foundation.framework in Frameworks */,
				36A1504417791BAB002CDFC5 /* CoreData.framework in Frameworks */,
			);
			runOnlyForDeploymentPostprocessing = 0;
		};
/* End PBXFrameworksBuildPhase section */

/* Begin PBXGroup section */
		36A1500517791BAB002CDFC5 = {
			isa = PBXGroup;
			children = (
				36A1501917791BAB002CDFC5 /* EPF */,
				36A1504717791BAB002CDFC5 /* EPFTests */,
				36A1501017791BAB002CDFC5 /* Frameworks */,
				36A1500F17791BAB002CDFC5 /* Products */,
			);
			sourceTree = "<group>";
		};
		36A1500F17791BAB002CDFC5 /* Products */ = {
			isa = PBXGroup;
			children = (
				36A1500E17791BAB002CDFC5 /* EPF.app */,
				36A1503F17791BAB002CDFC5 /* EPFTests.octest */,
			);
			name = Products;
			sourceTree = "<group>";
		};
		36A1501017791BAB002CDFC5 /* Frameworks */ = {
			isa = PBXGroup;
			children = (
				3656BB06177BC1B10058A3D8 /* SystemConfiguration.framework */,
				3656BB04177BC1A50058A3D8 /* StoreKit.framework */,
				3656BB02177BC18A0058A3D8 /* Security.framework */,
				3656BB00177BC1840058A3D8 /* QuartzCore.framework */,
				3656BAFE177BC17B0058A3D8 /* MobileCoreServices.framework */,
				3656BAFC177BC1710058A3D8 /* libz.1.1.3.dylib */,
				3656BAFA177BC16B0058A3D8 /* libsqlite3.dylib */,
				3656BAF8177BC15A0058A3D8 /* CoreLocation.framework */,
				3656BAF6177BC1520058A3D8 /* CFNetwork.framework */,
				3656BAF4177BC14C0058A3D8 /* AudioToolbox.framework */,
				3656BAF2177BC1460058A3D8 /* Accounts.framework */,
				3656BAF0177BC13F0058A3D8 /* Social.framework */,
				3656BAEE177BC1370058A3D8 /* AdSupport.framework */,
				3656BAEC177BC1120058A3D8 /* Parse.framework */,
				36A1501117791BAB002CDFC5 /* UIKit.framework */,
				36A1501317791BAB002CDFC5 /* Foundation.framework */,
				36A1501517791BAB002CDFC5 /* CoreGraphics.framework */,
				36A1501717791BAB002CDFC5 /* CoreData.framework */,
				36A1504017791BAB002CDFC5 /* SenTestingKit.framework */,
			);
			name = Frameworks;
			sourceTree = "<group>";
		};
		36A1501917791BAB002CDFC5 /* EPF */ = {
			isa = PBXGroup;
			children = (
				36A1502217791BAB002CDFC5 /* EPFAppDelegate.h */,
				36A1502317791BAB002CDFC5 /* EPFAppDelegate.m */,
				36A1502B17791BAB002CDFC5 /* MainStoryboard_iPhone.storyboard */,
				36A1502E17791BAB002CDFC5 /* MainStoryboard_iPad.storyboard */,
				36A1503417791BAB002CDFC5 /* EPFMasterViewController.h */,
				36A1503517791BAB002CDFC5 /* EPFMasterViewController.m */,
				36A1503717791BAB002CDFC5 /* EPFDetailViewController.h */,
				36A1503817791BAB002CDFC5 /* EPFDetailViewController.m */,
				36A1503117791BAB002CDFC5 /* EPF.xcdatamodeld */,
				36A1501A17791BAB002CDFC5 /* Supporting Files */,
			);
			path = EPF;
			sourceTree = "<group>";
		};
		36A1501A17791BAB002CDFC5 /* Supporting Files */ = {
			isa = PBXGroup;
			children = (
				369D06E8177E60B600E9A6A6 /* GTMOAuth2ViewControllerTouch.h */,
				369D06E9177E60B600E9A6A6 /* GTMOAuth2ViewControllerTouch.m */,
				369D06EA177E60B600E9A6A6 /* GTMOAuth2Authentication.h */,
				369D06EB177E60B600E9A6A6 /* GTMOAuth2Authentication.m */,
				369D06EC177E60B600E9A6A6 /* GTMOAuth2SignIn.h */,
				369D06ED177E60B600E9A6A6 /* GTMOAuth2SignIn.m */,
				369D06EE177E60B600E9A6A6 /* GTMHTTPFetcher.h */,
				369D06EF177E60B600E9A6A6 /* GTMHTTPFetcher.m */,
				369D06F0177E60B600E9A6A6 /* GTMOAuth2ViewTouch.xib */,
				36F2F0AE177BD46A005389E1 /* TestFlightSDK1.2.6 */,
				36A1501B17791BAB002CDFC5 /* EPF-Info.plist */,
				36A1501C17791BAB002CDFC5 /* InfoPlist.strings */,
				36A1501F17791BAB002CDFC5 /* main.m */,
				36A1502117791BAB002CDFC5 /* EPF-Prefix.pch */,
				36A1502517791BAB002CDFC5 /* Default.png */,
				36A1502717791BAB002CDFC5 /* Default@2x.png */,
				36A1502917791BAB002CDFC5 /* Default-568h@2x.png */,
			);
			name = "Supporting Files";
			sourceTree = "<group>";
		};
		36A1504717791BAB002CDFC5 /* EPFTests */ = {
			isa = PBXGroup;
			children = (
				36A1504D17791BAB002CDFC5 /* EPFTests.h */,
				36A1504E17791BAB002CDFC5 /* EPFTests.m */,
				36A1504817791BAB002CDFC5 /* Supporting Files */,
			);
			path = EPFTests;
			sourceTree = "<group>";
		};
		36A1504817791BAB002CDFC5 /* Supporting Files */ = {
			isa = PBXGroup;
			children = (
				36A1504917791BAB002CDFC5 /* EPFTests-Info.plist */,
				36A1504A17791BAB002CDFC5 /* InfoPlist.strings */,
			);
			name = "Supporting Files";
			sourceTree = "<group>";
		};
		36F2F0AE177BD46A005389E1 /* TestFlightSDK1.2.6 */ = {
			isa = PBXGroup;
			children = (
				36F2F0AF177BD46A005389E1 /* libTestFlight.a */,
				36F2F0B0177BD46A005389E1 /* README.md */,
				36F2F0B1177BD46A005389E1 /* release_notes.md */,
				36F2F0B2177BD46A005389E1 /* TestFlight.h */,
			);
			name = TestFlightSDK1.2.6;
			path = ../TestFlightSDK1.2.6;
			sourceTree = "<group>";
		};
/* End PBXGroup section */

/* Begin PBXNativeTarget section */
		36A1500D17791BAB002CDFC5 /* EPF */ = {
			isa = PBXNativeTarget;
			buildConfigurationList = 36A1505217791BAB002CDFC5 /* Build configuration list for PBXNativeTarget "EPF" */;
			buildPhases = (
				36A1500A17791BAB002CDFC5 /* Sources */,
				36A1500B17791BAB002CDFC5 /* Frameworks */,
				36A1500C17791BAB002CDFC5 /* Resources */,
			);
			buildRules = (
			);
			dependencies = (
			);
			name = EPF;
			productName = EPF;
			productReference = 36A1500E17791BAB002CDFC5 /* EPF.app */;
			productType = "com.apple.product-type.application";
		};
		36A1503E17791BAB002CDFC5 /* EPFTests */ = {
			isa = PBXNativeTarget;
			buildConfigurationList = 36A1505517791BAB002CDFC5 /* Build configuration list for PBXNativeTarget "EPFTests" */;
			buildPhases = (
				36A1503A17791BAB002CDFC5 /* Sources */,
				36A1503B17791BAB002CDFC5 /* Frameworks */,
				36A1503C17791BAB002CDFC5 /* Resources */,
				36A1503D17791BAB002CDFC5 /* ShellScript */,
			);
			buildRules = (
			);
			dependencies = (
				36A1504617791BAB002CDFC5 /* PBXTargetDependency */,
			);
			name = EPFTests;
			productName = EPFTests;
			productReference = 36A1503F17791BAB002CDFC5 /* EPFTests.octest */;
			productType = "com.apple.product-type.bundle";
		};
/* End PBXNativeTarget section */

/* Begin PBXProject section */
		36A1500617791BAB002CDFC5 /* Project object */ = {
			isa = PBXProject;
			attributes = {
				CLASSPREFIX = EPF;
				LastUpgradeCheck = 0460;
				ORGANIZATIONNAME = "'Iolani School";
			};
			buildConfigurationList = 36A1500917791BAB002CDFC5 /* Build configuration list for PBXProject "EPF" */;
			compatibilityVersion = "Xcode 3.2";
			developmentRegion = English;
			hasScannedForEncodings = 0;
			knownRegions = (
				en,
			);
			mainGroup = 36A1500517791BAB002CDFC5;
			productRefGroup = 36A1500F17791BAB002CDFC5 /* Products */;
			projectDirPath = "";
			projectRoot = "";
			targets = (
				36A1500D17791BAB002CDFC5 /* EPF */,
				36A1503E17791BAB002CDFC5 /* EPFTests */,
			);
		};
/* End PBXProject section */

/* Begin PBXResourcesBuildPhase section */
		36A1500C17791BAB002CDFC5 /* Resources */ = {
			isa = PBXResourcesBuildPhase;
			buildActionMask = 2147483647;
			files = (
				369D06F5177E60B600E9A6A6 /* GTMOAuth2ViewTouch.xib in Resources */,
				36F2F0B5177BD46A005389E1 /* release_notes.md in Resources */,
				36A1501E17791BAB002CDFC5 /* InfoPlist.strings in Resources */,
				36A1502617791BAB002CDFC5 /* Default.png in Resources */,
				36A1502817791BAB002CDFC5 /* Default@2x.png in Resources */,
				36F2F0B4177BD46A005389E1 /* README.md in Resources */,
				36A1502A17791BAB002CDFC5 /* Default-568h@2x.png in Resources */,
				36A1502D17791BAB002CDFC5 /* MainStoryboard_iPhone.storyboard in Resources */,
				36A1503017791BAB002CDFC5 /* MainStoryboard_iPad.storyboard in Resources */,
			);
			runOnlyForDeploymentPostprocessing = 0;
		};
		36A1503C17791BAB002CDFC5 /* Resources */ = {
			isa = PBXResourcesBuildPhase;
			buildActionMask = 2147483647;
			files = (
				36A1504C17791BAB002CDFC5 /* InfoPlist.strings in Resources */,
			);
			runOnlyForDeploymentPostprocessing = 0;
		};
/* End PBXResourcesBuildPhase section */

/* Begin PBXShellScriptBuildPhase section */
		36A1503D17791BAB002CDFC5 /* ShellScript */ = {
			isa = PBXShellScriptBuildPhase;
			buildActionMask = 2147483647;
			files = (
			);
			inputPaths = (
			);
			outputPaths = (
			);
			runOnlyForDeploymentPostprocessing = 0;
			shellPath = /bin/sh;
			shellScript = "# Run the unit tests in this test bundle.\n\"${SYSTEM_DEVELOPER_DIR}/Tools/RunUnitTests\"\n";
		};
/* End PBXShellScriptBuildPhase section */

/* Begin PBXSourcesBuildPhase section */
		36A1500A17791BAB002CDFC5 /* Sources */ = {
			isa = PBXSourcesBuildPhase;
			buildActionMask = 2147483647;
			files = (
				369D06F1177E60B600E9A6A6 /* GTMOAuth2ViewControllerTouch.m in Sources */,
				36A1502017791BAB002CDFC5 /* main.m in Sources */,
				36A1502417791BAB002CDFC5 /* EPFAppDelegate.m in Sources */,
				369D06F4177E60B600E9A6A6 /* GTMHTTPFetcher.m in Sources */,
				36A1503317791BAB002CDFC5 /* EPF.xcdatamodeld in Sources */,
				369D06F2177E60B600E9A6A6 /* GTMOAuth2Authentication.m in Sources */,
				36A1503617791BAB002CDFC5 /* EPFMasterViewController.m in Sources */,
				36A1503917791BAB002CDFC5 /* EPFDetailViewController.m in Sources */,
				369D06F3177E60B600E9A6A6 /* GTMOAuth2SignIn.m in Sources */,
			);
			runOnlyForDeploymentPostprocessing = 0;
		};
		36A1503A17791BAB002CDFC5 /* Sources */ = {
			isa = PBXSourcesBuildPhase;
			buildActionMask = 2147483647;
			files = (
				36A1504F17791BAB002CDFC5 /* EPFTests.m in Sources */,
			);
			runOnlyForDeploymentPostprocessing = 0;
		};
/* End PBXSourcesBuildPhase section */

/* Begin PBXTargetDependency section */
		36A1504617791BAB002CDFC5 /* PBXTargetDependency */ = {
			isa = PBXTargetDependency;
			target = 36A1500D17791BAB002CDFC5 /* EPF */;
			targetProxy = 36A1504517791BAB002CDFC5 /* PBXContainerItemProxy */;
		};
/* End PBXTargetDependency section */

/* Begin PBXVariantGroup section */
		36A1501C17791BAB002CDFC5 /* InfoPlist.strings */ = {
			isa = PBXVariantGroup;
			children = (
				36A1501D17791BAB002CDFC5 /* en */,
			);
			name = InfoPlist.strings;
			sourceTree = "<group>";
		};
		36A1502B17791BAB002CDFC5 /* MainStoryboard_iPhone.storyboard */ = {
			isa = PBXVariantGroup;
			children = (
				36A1502C17791BAB002CDFC5 /* en */,
			);
			name = MainStoryboard_iPhone.storyboard;
			sourceTree = "<group>";
		};
		36A1502E17791BAB002CDFC5 /* MainStoryboard_iPad.storyboard */ = {
			isa = PBXVariantGroup;
			children = (
				36A1502F17791BAB002CDFC5 /* en */,
			);
			name = MainStoryboard_iPad.storyboard;
			sourceTree = "<group>";
		};
		36A1504A17791BAB002CDFC5 /* InfoPlist.strings */ = {
			isa = PBXVariantGroup;
			children = (
				36A1504B17791BAB002CDFC5 /* en */,
			);
			name = InfoPlist.strings;
			sourceTree = "<group>";
		};
/* End PBXVariantGroup section */

/* Begin XCBuildConfiguration section */
		36A1505017791BAB002CDFC5 /* Debug */ = {
			isa = XCBuildConfiguration;
			buildSettings = {
				ALWAYS_SEARCH_USER_PATHS = NO;
				CLANG_CXX_LANGUAGE_STANDARD = "gnu++0x";
				CLANG_CXX_LIBRARY = "libc++";
				CLANG_ENABLE_OBJC_ARC = YES;
				CLANG_WARN_CONSTANT_CONVERSION = YES;
				CLANG_WARN_EMPTY_BODY = YES;
				CLANG_WARN_ENUM_CONVERSION = YES;
				CLANG_WARN_INT_CONVERSION = YES;
				CLANG_WARN__DUPLICATE_METHOD_MATCH = YES;
				"CODE_SIGN_IDENTITY[sdk=iphoneos*]" = "iPhone Developer";
				COPY_PHASE_STRIP = NO;
				GCC_C_LANGUAGE_STANDARD = gnu99;
				GCC_DYNAMIC_NO_PIC = NO;
				GCC_OPTIMIZATION_LEVEL = 0;
				GCC_PREPROCESSOR_DEFINITIONS = (
					"DEBUG=1",
					"$(inherited)",
				);
				GCC_SYMBOLS_PRIVATE_EXTERN = NO;
				GCC_WARN_ABOUT_RETURN_TYPE = YES;
				GCC_WARN_UNINITIALIZED_AUTOS = YES;
				GCC_WARN_UNUSED_VARIABLE = YES;
				IPHONEOS_DEPLOYMENT_TARGET = 7.0;
				ONLY_ACTIVE_ARCH = YES;
				SDKROOT = iphoneos;
				TARGETED_DEVICE_FAMILY = "1,2";
			};
			name = Debug;
		};
		36A1505117791BAB002CDFC5 /* Release */ = {
			isa = XCBuildConfiguration;
			buildSettings = {
				ALWAYS_SEARCH_USER_PATHS = NO;
				CLANG_CXX_LANGUAGE_STANDARD = "gnu++0x";
				CLANG_CXX_LIBRARY = "libc++";
				CLANG_ENABLE_OBJC_ARC = YES;
				CLANG_WARN_CONSTANT_CONVERSION = YES;
				CLANG_WARN_EMPTY_BODY = YES;
				CLANG_WARN_ENUM_CONVERSION = YES;
				CLANG_WARN_INT_CONVERSION = YES;
				CLANG_WARN__DUPLICATE_METHOD_MATCH = YES;
				"CODE_SIGN_IDENTITY[sdk=iphoneos*]" = "iPhone Developer";
				COPY_PHASE_STRIP = YES;
				GCC_C_LANGUAGE_STANDARD = gnu99;
				GCC_WARN_ABOUT_RETURN_TYPE = YES;
				GCC_WARN_UNINITIALIZED_AUTOS = YES;
				GCC_WARN_UNUSED_VARIABLE = YES;
				IPHONEOS_DEPLOYMENT_TARGET = 7.0;
				OTHER_CFLAGS = "-DNS_BLOCK_ASSERTIONS=1";
				SDKROOT = iphoneos;
				TARGETED_DEVICE_FAMILY = "1,2";
				VALIDATE_PRODUCT = YES;
			};
			name = Release;
		};
		36A1505317791BAB002CDFC5 /* Debug */ = {
			isa = XCBuildConfiguration;
			buildSettings = {
				CODE_SIGN_IDENTITY = "iPhone Developer: Blake T (CEXCT5FD45)";
				FRAMEWORK_SEARCH_PATHS = (
					"$(inherited)",
					"$(SRCROOT)",
				);
				GCC_PRECOMPILE_PREFIX_HEADER = YES;
				GCC_PREFIX_HEADER = "EPF/EPF-Prefix.pch";
				INFOPLIST_FILE = "EPF/EPF-Info.plist";
				IPHONEOS_DEPLOYMENT_TARGET = 6.1;
				LIBRARY_SEARCH_PATHS = (
					"$(inherited)",
					"\\\\\\\"$(SRCROOT)/TestFlightSDK1.2.6\\\\\\\"",
					"$(SRCROOT)",
					"$(SRCROOT)/TestFlightSDK1.2.6",
				);
				PRODUCT_NAME = "$(TARGET_NAME)";
				PROVISIONING_PROFILE = "2799510E-E5CA-44DA-923D-4E05F6D235D7";
				WRAPPER_EXTENSION = app;
			};
			name = Debug;
		};
		36A1505417791BAB002CDFC5 /* Release */ = {
			isa = XCBuildConfiguration;
			buildSettings = {
				CODE_SIGN_IDENTITY = "iPhone Developer: Blake T (CEXCT5FD45)";
				FRAMEWORK_SEARCH_PATHS = (
					"$(inherited)",
					"$(SRCROOT)",
				);
				GCC_PRECOMPILE_PREFIX_HEADER = YES;
				GCC_PREFIX_HEADER = "EPF/EPF-Prefix.pch";
				INFOPLIST_FILE = "EPF/EPF-Info.plist";
				IPHONEOS_DEPLOYMENT_TARGET = 6.1;
				LIBRARY_SEARCH_PATHS = (
					"$(inherited)",
					"\\\\\\\"$(SRCROOT)/TestFlightSDK1.2.6\\\\\\\"",
					"$(SRCROOT)",
					"$(SRCROOT)/TestFlightSDK1.2.6",
				);
				PRODUCT_NAME = "$(TARGET_NAME)";
				PROVISIONING_PROFILE = "2799510E-E5CA-44DA-923D-4E05F6D235D7";
				WRAPPER_EXTENSION = app;
			};
			name = Release;
		};
		36A1505617791BAB002CDFC5 /* Debug */ = {
			isa = XCBuildConfiguration;
			buildSettings = {
				BUNDLE_LOADER = "$(BUILT_PRODUCTS_DIR)/EPF.app/EPF";
				FRAMEWORK_SEARCH_PATHS = (
					"\"$(SDKROOT)/Developer/Library/Frameworks\"",
					"\"$(DEVELOPER_LIBRARY_DIR)/Frameworks\"",
				);
				GCC_PRECOMPILE_PREFIX_HEADER = YES;
				GCC_PREFIX_HEADER = "EPF/EPF-Prefix.pch";
				INFOPLIST_FILE = "EPFTests/EPFTests-Info.plist";
				PRODUCT_NAME = "$(TARGET_NAME)";
				TEST_HOST = "$(BUNDLE_LOADER)";
				WRAPPER_EXTENSION = octest;
			};
			name = Debug;
		};
		36A1505717791BAB002CDFC5 /* Release */ = {
			isa = XCBuildConfiguration;
			buildSettings = {
				BUNDLE_LOADER = "$(BUILT_PRODUCTS_DIR)/EPF.app/EPF";
				FRAMEWORK_SEARCH_PATHS = (
					"\"$(SDKROOT)/Developer/Library/Frameworks\"",
					"\"$(DEVELOPER_LIBRARY_DIR)/Frameworks\"",
				);
				GCC_PRECOMPILE_PREFIX_HEADER = YES;
				GCC_PREFIX_HEADER = "EPF/EPF-Prefix.pch";
				INFOPLIST_FILE = "EPFTests/EPFTests-Info.plist";
				PRODUCT_NAME = "$(TARGET_NAME)";
				TEST_HOST = "$(BUNDLE_LOADER)";
				WRAPPER_EXTENSION = octest;
			};
			name = Release;
		};
/* End XCBuildConfiguration section */

/* Begin XCConfigurationList section */
		36A1500917791BAB002CDFC5 /* Build configuration list for PBXProject "EPF" */ = {
			isa = XCConfigurationList;
			buildConfigurations = (
				36A1505017791BAB002CDFC5 /* Debug */,
				36A1505117791BAB002CDFC5 /* Release */,
			);
			defaultConfigurationIsVisible = 0;
			defaultConfigurationName = Release;
		};
		36A1505217791BAB002CDFC5 /* Build configuration list for PBXNativeTarget "EPF" */ = {
			isa = XCConfigurationList;
			buildConfigurations = (
				36A1505317791BAB002CDFC5 /* Debug */,
				36A1505417791BAB002CDFC5 /* Release */,
			);
			defaultConfigurationIsVisible = 0;
			defaultConfigurationName = Release;
		};
		36A1505517791BAB002CDFC5 /* Build configuration list for PBXNativeTarget "EPFTests" */ = {
			isa = XCConfigurationList;
			buildConfigurations = (
				36A1505617791BAB002CDFC5 /* Debug */,
				36A1505717791BAB002CDFC5 /* Release */,
			);
			defaultConfigurationIsVisible = 0;
			defaultConfigurationName = Release;
		};
/* End XCConfigurationList section */

/* Begin XCVersionGroup section */
		36A1503117791BAB002CDFC5 /* EPF.xcdatamodeld */ = {
			isa = XCVersionGroup;
			children = (
				36A1503217791BAB002CDFC5 /* EPF.xcdatamodel */,
			);
			currentVersion = 36A1503217791BAB002CDFC5 /* EPF.xcdatamodel */;
			path = EPF.xcdatamodeld;
			sourceTree = "<group>";
			versionGroupType = wrapper.xcdatamodel;
		};
/* End XCVersionGroup section */
	};
	rootObject = 36A1500617791BAB002CDFC5 /* Project object */;
}
